{
  "lockfileVersion": 1,
  "workspaces": {
    "": {
      "name": "asboy2035-fonts",
      "dependencies": {
        "clean-css": "^5.3.3",
      },
    },
  },
  "packages": {
    "clean-css": ["clean-css@5.3.3", "", { "dependencies": { "source-map": "~0.6.0" } }, "sha512-D5J+kHaVb/wKSFcyyV75uCn8fiY4sV38XJoe4CUyGQ+mOU/fMVYUdH1hJC+CJQ5uY3EnW27SbJYS4X8BiLrAFg=="],

    "source-map": ["source-map@0.6.1", "", {}, "sha512-UjgapumWlbMhkBgzT7Ykc5YXUT46F0iKu8SGXq0bcwP5dz/h0Plj6enJqjz1Zbq2l5WaqYnrVbwWOWMyF3F47g=="],
  }
}
